
Microsoft Visual Studio Solution File, Format Version 12.00
# Visual Studio Version 16
VisualStudioVersion = 25.0.1703.2
MinimumVisualStudioVersion = 10.0.40219.1
Project("{FAE04EC0-301F-11D3-BF4B-00C04F79EFBC}") = "pdemo", "pdemo\pdemo.csproj", "{936BE4AA-1FDB-43CF-A5BB-0728F7778940}"
EndProject
Global
	GlobalSection(SolutionConfigurationPlatforms) = preSolution
		Debug|Any CPU = Debug|Any CPU
		Release|Any CPU = Release|Any CPU
	EndGlobalSection
	GlobalSection(ProjectConfigurationPlatforms) = postSolution
		{936BE4AA-1FDB-43CF-A5BB-0728F7778940}.Debug|Any CPU.ActiveCfg = Debug|Any CPU
		{936BE4AA-1FDB-43CF-A5BB-0728F7778940}.Debug|Any CPU.Build.0 = Debug|Any CPU
		{936BE4AA-1FDB-43CF-A5BB-0728F7778940}.Release|Any CPU.ActiveCfg = Release|Any CPU
		{936BE4AA-1FDB-43CF-A5BB-0728F7778940}.Release|Any CPU.Build.0 = Release|Any CPU
	EndGlobalSection
	GlobalSection(SolutionProperties) = preSolution
		HideSolutionNode = FALSE
	EndGlobalSection
	GlobalSection(ExtensibilityGlobals) = postSolution
		SolutionGuid = {405D39D0-0E74-4440-944C-90B445D9B73A}
	EndGlobalSection
EndGlobal
